
Microsoft Visual Studio Solution File, Format Version 12.00
# Visual Studio Version 17
VisualStudioVersion = 17.0.31919.166
MinimumVisualStudioVersion = 10.0.40219.1
Project("{8BC9CEB8-8B4A-11D0-8D11-00A0C91BC942}") = "day04", "day04\day04.vcxproj", "{8E287C70-A963-443A-9CDB-169CC7AA769C}"
EndProject
Project("{8BC9CEB8-8B4A-11D0-8D11-00A0C91BC942}") = "day07", "day07\day07.vcxproj", "{EE0F8D4B-5930-4FD2-BEB8-94F263D0AA8B}"
EndProject
Project("{8BC9CEB8-8B4A-11D0-8D11-00A0C91BC942}") = "day01", "day01\day1.vcxproj", "{9F2624C0-235C-40E9-B2AC-39166D9BC371}"
EndProject
Project("{8BC9CEB8-8B4A-11D0-8D11-00A0C91BC942}") = "day02", "day02\day2.vcxproj", "{47B9805D-8767-4AEA-8C4A-E5094117198D}"
EndProject
Project("{8BC9CEB8-8B4A-11D0-8D11-00A0C91BC942}") = "day03", "day03.2\day3_2.vcxproj", "{03F26A88-101A-4936-94D1-36BA2B310B66}"
EndProject
Project("{8BC9CEB8-8B4A-11D0-8D11-00A0C91BC942}") = "day05", "day05\day05_2.vcxproj", "{716F572C-015B-4A5E-B38A-E1D440B8D644}"
EndProject
Project("{8BC9CEB8-8B4A-11D0-8D11-00A0C91BC942}") = "day06", "day06\day6_2.vcxproj", "{99C71570-A8AB-4F20-99EF-6ABFAFFA6742}"
EndProject
Global
	GlobalSection(SolutionConfigurationPlatforms) = preSolution
		Debug|Any CPU = Debug|Any CPU
		Debug|x64 = Debug|x64
		Debug|x86 = Debug|x86
		Release|Any CPU = Release|Any CPU
		Release|x64 = Release|x64
		Release|x86 = Release|x86
	EndGlobalSection
	GlobalSection(ProjectConfigurationPlatforms) = postSolution
		{8E287C70-A963-443A-9CDB-169CC7AA769C}.Debug|Any CPU.ActiveCfg = Debug|x64
		{8E287C70-A963-443A-9CDB-169CC7AA769C}.Debug|Any CPU.Build.0 = Debug|x64
		{8E287C70-A963-443A-9CDB-169CC7AA769C}.Debug|x64.ActiveCfg = Debug|x64
		{8E287C70-A963-443A-9CDB-169CC7AA769C}.Debug|x64.Build.0 = Debug|x64
		{8E287C70-A963-443A-9CDB-169CC7AA769C}.Debug|x86.ActiveCfg = Debug|Win32
		{8E287C70-A963-443A-9CDB-169CC7AA769C}.Debug|x86.Build.0 = Debug|Win32
		{8E287C70-A963-443A-9CDB-169CC7AA769C}.Release|Any CPU.ActiveCfg = Release|x64
		{8E287C70-A963-443A-9CDB-169CC7AA769C}.Release|Any CPU.Build.0 = Release|x64
		{8E287C70-A963-443A-9CDB-169CC7AA769C}.Release|x64.ActiveCfg = Release|x64
		{8E287C70-A963-443A-9CDB-169CC7AA769C}.Release|x64.Build.0 = Release|x64
		{8E287C70-A963-443A-9CDB-169CC7AA769C}.Release|x86.ActiveCfg = Release|Win32
		{8E287C70-A963-443A-9CDB-169CC7AA769C}.Release|x86.Build.0 = Release|Win32
		{EE0F8D4B-5930-4FD2-BEB8-94F263D0AA8B}.Debug|Any CPU.ActiveCfg = Debug|x64
		{EE0F8D4B-5930-4FD2-BEB8-94F263D0AA8B}.Debug|Any CPU.Build.0 = Debug|x64
		{EE0F8D4B-5930-4FD2-BEB8-94F263D0AA8B}.Debug|x64.ActiveCfg = Debug|x64
		{EE0F8D4B-5930-4FD2-BEB8-94F263D0AA8B}.Debug|x64.Build.0 = Debug|x64
		{EE0F8D4B-5930-4FD2-BEB8-94F263D0AA8B}.Debug|x86.ActiveCfg = Debug|Win32
		{EE0F8D4B-5930-4FD2-BEB8-94F263D0AA8B}.Debug|x86.Build.0 = Debug|Win32
		{EE0F8D4B-5930-4FD2-BEB8-94F263D0AA8B}.Release|Any CPU.ActiveCfg = Release|x64
		{EE0F8D4B-5930-4FD2-BEB8-94F263D0AA8B}.Release|Any CPU.Build.0 = Release|x64
		{EE0F8D4B-5930-4FD2-BEB8-94F263D0AA8B}.Release|x64.ActiveCfg = Release|x64
		{EE0F8D4B-5930-4FD2-BEB8-94F263D0AA8B}.Release|x64.Build.0 = Release|x64
		{EE0F8D4B-5930-4FD2-BEB8-94F263D0AA8B}.Release|x86.ActiveCfg = Release|Win32
		{EE0F8D4B-5930-4FD2-BEB8-94F263D0AA8B}.Release|x86.Build.0 = Release|Win32
		{9F2624C0-235C-40E9-B2AC-39166D9BC371}.Debug|Any CPU.ActiveCfg = Debug|x64
		{9F2624C0-235C-40E9-B2AC-39166D9BC371}.Debug|Any CPU.Build.0 = Debug|x64
		{9F2624C0-235C-40E9-B2AC-39166D9BC371}.Debug|x64.ActiveCfg = Debug|x64
		{9F2624C0-235C-40E9-B2AC-39166D9BC371}.Debug|x64.Build.0 = Debug|x64
		{9F2624C0-235C-40E9-B2AC-39166D9BC371}.Debug|x86.ActiveCfg = Debug|Win32
		{9F2624C0-235C-40E9-B2AC-39166D9BC371}.Debug|x86.Build.0 = Debug|Win32
		{9F2624C0-235C-40E9-B2AC-39166D9BC371}.Release|Any CPU.ActiveCfg = Release|x64
		{9F2624C0-235C-40E9-B2AC-39166D9BC371}.Release|Any CPU.Build.0 = Release|x64
		{9F2624C0-235C-40E9-B2AC-39166D9BC371}.Release|x64.ActiveCfg = Release|x64
		{9F2624C0-235C-40E9-B2AC-39166D9BC371}.Release|x64.Build.0 = Release|x64
		{9F2624C0-235C-40E9-B2AC-39166D9BC371}.Release|x86.ActiveCfg = Release|Win32
		{9F2624C0-235C-40E9-B2AC-39166D9BC371}.Release|x86.Build.0 = Release|Win32
		{47B9805D-8767-4AEA-8C4A-E5094117198D}.Debug|Any CPU.ActiveCfg = Debug|x64
		{47B9805D-8767-4AEA-8C4A-E5094117198D}.Debug|Any CPU.Build.0 = Debug|x64
		{47B9805D-8767-4AEA-8C4A-E5094117198D}.Debug|x64.ActiveCfg = Debug|x64
		{47B9805D-8767-4AEA-8C4A-E5094117198D}.Debug|x64.Build.0 = Debug|x64
		{47B9805D-8767-4AEA-8C4A-E5094117198D}.Debug|x86.ActiveCfg = Debug|Win32
		{47B9805D-8767-4AEA-8C4A-E5094117198D}.Debug|x86.Build.0 = Debug|Win32
		{47B9805D-8767-4AEA-8C4A-E5094117198D}.Release|Any CPU.ActiveCfg = Release|x64
		{47B9805D-8767-4AEA-8C4A-E5094117198D}.Release|Any CPU.Build.0 = Release|x64
		{47B9805D-8767-4AEA-8C4A-E5094117198D}.Release|x64.ActiveCfg = Release|x64
		{47B9805D-8767-4AEA-8C4A-E5094117198D}.Release|x64.Build.0 = Release|x64
		{47B9805D-8767-4AEA-8C4A-E5094117198D}.Release|x86.ActiveCfg = Release|Win32
		{47B9805D-8767-4AEA-8C4A-E5094117198D}.Release|x86.Build.0 = Release|Win32
		{03F26A88-101A-4936-94D1-36BA2B310B66}.Debug|Any CPU.ActiveCfg = Debug|x64
		{03F26A88-101A-4936-94D1-36BA2B310B66}.Debug|Any CPU.Build.0 = Debug|x64
		{03F26A88-101A-4936-94D1-36BA2B310B66}.Debug|x64.ActiveCfg = Debug|x64
		{03F26A88-101A-4936-94D1-36BA2B310B66}.Debug|x64.Build.0 = Debug|x64
		{03F26A88-101A-4936-94D1-36BA2B310B66}.Debug|x86.ActiveCfg = Debug|Win32
		{03F26A88-101A-4936-94D1-36BA2B310B66}.Debug|x86.Build.0 = Debug|Win32
		{03F26A88-101A-4936-94D1-36BA2B310B66}.Release|Any CPU.ActiveCfg = Release|x64
		{03F26A88-101A-4936-94D1-36BA2B310B66}.Release|Any CPU.Build.0 = Release|x64
		{03F26A88-101A-4936-94D1-36BA2B310B66}.Release|x64.ActiveCfg = Release|x64
		{03F26A88-101A-4936-94D1-36BA2B310B66}.Release|x64.Build.0 = Release|x64
		{03F26A88-101A-4936-94D1-36BA2B310B66}.Release|x86.ActiveCfg = Release|Win32
		{03F26A88-101A-4936-94D1-36BA2B310B66}.Release|x86.Build.0 = Release|Win32
		{716F572C-015B-4A5E-B38A-E1D440B8D644}.Debug|Any CPU.ActiveCfg = Debug|x64
		{716F572C-015B-4A5E-B38A-E1D440B8D644}.Debug|Any CPU.Build.0 = Debug|x64
		{716F572C-015B-4A5E-B38A-E1D440B8D644}.Debug|x64.ActiveCfg = Debug|x64
		{716F572C-015B-4A5E-B38A-E1D440B8D644}.Debug|x64.Build.0 = Debug|x64
		{716F572C-015B-4A5E-B38A-E1D440B8D644}.Debug|x86.ActiveCfg = Debug|Win32
		{716F572C-015B-4A5E-B38A-E1D440B8D644}.Debug|x86.Build.0 = Debug|Win32
		{716F572C-015B-4A5E-B38A-E1D440B8D644}.Release|Any CPU.ActiveCfg = Release|x64
		{716F572C-015B-4A5E-B38A-E1D440B8D644}.Release|Any CPU.Build.0 = Release|x64
		{716F572C-015B-4A5E-B38A-E1D440B8D644}.Release|x64.ActiveCfg = Release|x64
		{716F572C-015B-4A5E-B38A-E1D440B8D644}.Release|x64.Build.0 = Release|x64
		{716F572C-015B-4A5E-B38A-E1D440B8D644}.Release|x86.ActiveCfg = Release|Win32
		{716F572C-015B-4A5E-B38A-E1D440B8D644}.Release|x86.Build.0 = Release|Win32
		{99C71570-A8AB-4F20-99EF-6ABFAFFA6742}.Debug|Any CPU.ActiveCfg = Debug|x64
		{99C71570-A8AB-4F20-99EF-6ABFAFFA6742}.Debug|Any CPU.Build.0 = Debug|x64
		{99C71570-A8AB-4F20-99EF-6ABFAFFA6742}.Debug|x64.ActiveCfg = Debug|x64
		{99C71570-A8AB-4F20-99EF-6ABFAFFA6742}.Debug|x64.Build.0 = Debug|x64
		{99C71570-A8AB-4F20-99EF-6ABFAFFA6742}.Debug|x86.ActiveCfg = Debug|Win32
		{99C71570-A8AB-4F20-99EF-6ABFAFFA6742}.Debug|x86.Build.0 = Debug|Win32
		{99C71570-A8AB-4F20-99EF-6ABFAFFA6742}.Release|Any CPU.ActiveCfg = Release|x64
		{99C71570-A8AB-4F20-99EF-6ABFAFFA6742}.Release|Any CPU.Build.0 = Release|x64
		{99C71570-A8AB-4F20-99EF-6ABFAFFA6742}.Release|x64.ActiveCfg = Release|x64
		{99C71570-A8AB-4F20-99EF-6ABFAFFA6742}.Release|x64.Build.0 = Release|x64
		{99C71570-A8AB-4F20-99EF-6ABFAFFA6742}.Release|x86.ActiveCfg = Release|Win32
		{99C71570-A8AB-4F20-99EF-6ABFAFFA6742}.Release|x86.Build.0 = Release|Win32
	EndGlobalSection
	GlobalSection(SolutionProperties) = preSolution
		HideSolutionNode = FALSE
	EndGlobalSection
	GlobalSection(ExtensibilityGlobals) = postSolution
		SolutionGuid = {4FFDF561-542E-4F7A-8389-D1EE098BD799}
	EndGlobalSection
EndGlobal
